
Microsoft Visual Studio Solution File, Format Version 12.00
# Visual Studio Version 17
VisualStudioVersion = 17.3.32819.101
MinimumVisualStudioVersion = 10.0.40219.1
Project("{FAE04EC0-301F-11D3-BF4B-00C04F79EFBC}") = "Conditionals", "Conditionals\Conditionals.csproj", "{F6F61027-4ED1-4AE4-B943-52CD753643DC}"
EndProject
Global
	GlobalSection(SolutionConfigurationPlatforms) = preSolution
		Debug|Any CPU = Debug|Any CPU
		Release|Any CPU = Release|Any CPU
	EndGlobalSection
	GlobalSection(ProjectConfigurationPlatforms) = postSolution
		{F6F61027-4ED1-4AE4-B943-52CD753643DC}.Debug|Any CPU.ActiveCfg = Debug|Any CPU
		{F6F61027-4ED1-4AE4-B943-52CD753643DC}.Debug|Any CPU.Build.0 = Debug|Any CPU
		{F6F61027-4ED1-4AE4-B943-52CD753643DC}.Release|Any CPU.ActiveCfg = Release|Any CPU
		{F6F61027-4ED1-4AE4-B943-52CD753643DC}.Release|Any CPU.Build.0 = Release|Any CPU
	EndGlobalSection
	GlobalSection(SolutionProperties) = preSolution
		HideSolutionNode = FALSE
	EndGlobalSection
	GlobalSection(ExtensibilityGlobals) = postSolution
		SolutionGuid = {6DB4B5D4-A01E-4F7A-A42E-67C173C62AA4}
	EndGlobalSection
EndGlobal
