
Microsoft Visual Studio Solution File, Format Version 12.00
# Visual Studio Version 17
VisualStudioVersion = 17.3.32819.101
MinimumVisualStudioVersion = 10.0.40219.1
Project("{FAE04EC0-301F-11D3-BF4B-00C04F79EFBC}") = "Variables", "Variables\Variables.csproj", "{471BA92A-2DDB-42F4-8625-0FD49CF7AD17}"
EndProject
Global
	GlobalSection(SolutionConfigurationPlatforms) = preSolution
		Debug|Any CPU = Debug|Any CPU
		Release|Any CPU = Release|Any CPU
	EndGlobalSection
	GlobalSection(ProjectConfigurationPlatforms) = postSolution
		{471BA92A-2DDB-42F4-8625-0FD49CF7AD17}.Debug|Any CPU.ActiveCfg = Debug|Any CPU
		{471BA92A-2DDB-42F4-8625-0FD49CF7AD17}.Debug|Any CPU.Build.0 = Debug|Any CPU
		{471BA92A-2DDB-42F4-8625-0FD49CF7AD17}.Release|Any CPU.ActiveCfg = Release|Any CPU
		{471BA92A-2DDB-42F4-8625-0FD49CF7AD17}.Release|Any CPU.Build.0 = Release|Any CPU
	EndGlobalSection
	GlobalSection(SolutionProperties) = preSolution
		HideSolutionNode = FALSE
	EndGlobalSection
	GlobalSection(ExtensibilityGlobals) = postSolution
		SolutionGuid = {07B42EF6-821E-481F-8BE4-D682B39020B5}
	EndGlobalSection
EndGlobal
